
Microsoft Visual Studio Solution File, Format Version 12.00
# Visual Studio Version 17
VisualStudioVersion = 17.13.35828.75 d17.13
MinimumVisualStudioVersion = 10.0.40219.1
Project("{FAE04EC0-301F-11D3-BF4B-00C04F79EFBC}") = "prakt 10", "prakt 10\prakt 10.csproj", "{D6B6191A-EEA0-4B82-AEFC-2EC841284D27}"
EndProject
Global
	GlobalSection(SolutionConfigurationPlatforms) = preSolution
		Debug|Any CPU = Debug|Any CPU
		Release|Any CPU = Release|Any CPU
	EndGlobalSection
	GlobalSection(ProjectConfigurationPlatforms) = postSolution
		{D6B6191A-EEA0-4B82-AEFC-2EC841284D27}.Debug|Any CPU.ActiveCfg = Debug|Any CPU
		{D6B6191A-EEA0-4B82-AEFC-2EC841284D27}.Debug|Any CPU.Build.0 = Debug|Any CPU
		{D6B6191A-EEA0-4B82-AEFC-2EC841284D27}.Release|Any CPU.ActiveCfg = Release|Any CPU
		{D6B6191A-EEA0-4B82-AEFC-2EC841284D27}.Release|Any CPU.Build.0 = Release|Any CPU
	EndGlobalSection
	GlobalSection(SolutionProperties) = preSolution
		HideSolutionNode = FALSE
	EndGlobalSection
	GlobalSection(ExtensibilityGlobals) = postSolution
		SolutionGuid = {F6685EEC-79AF-4357-A476-EB9D5BB4A4DD}
	EndGlobalSection
EndGlobal
