
Microsoft Visual Studio Solution File, Format Version 12.00
# Visual Studio Version 17
VisualStudioVersion = 17.13.35828.75 d17.13
MinimumVisualStudioVersion = 10.0.40219.1
Project("{FAE04EC0-301F-11D3-BF4B-00C04F79EFBC}") = "Prakt8.1", "Prakt8.1\Prakt8.1.csproj", "{E690B0A4-5C9D-42A4-9CEE-BB4AD3D0913C}"
EndProject
Global
	GlobalSection(SolutionConfigurationPlatforms) = preSolution
		Debug|Any CPU = Debug|Any CPU
		Release|Any CPU = Release|Any CPU
	EndGlobalSection
	GlobalSection(ProjectConfigurationPlatforms) = postSolution
		{E690B0A4-5C9D-42A4-9CEE-BB4AD3D0913C}.Debug|Any CPU.ActiveCfg = Debug|Any CPU
		{E690B0A4-5C9D-42A4-9CEE-BB4AD3D0913C}.Debug|Any CPU.Build.0 = Debug|Any CPU
		{E690B0A4-5C9D-42A4-9CEE-BB4AD3D0913C}.Release|Any CPU.ActiveCfg = Release|Any CPU
		{E690B0A4-5C9D-42A4-9CEE-BB4AD3D0913C}.Release|Any CPU.Build.0 = Release|Any CPU
	EndGlobalSection
	GlobalSection(SolutionProperties) = preSolution
		HideSolutionNode = FALSE
	EndGlobalSection
	GlobalSection(ExtensibilityGlobals) = postSolution
		SolutionGuid = {7C2DAC51-7A5E-4DAC-A786-8C7D134CC8DC}
	EndGlobalSection
EndGlobal
